
Microsoft Visual Studio Solution File, Format Version 12.00
# Visual Studio Version 18
VisualStudioVersion = 18.2.11408.102 d18.0
MinimumVisualStudioVersion = 10.0.40219.1
Project("{FAE04EC0-301F-11D3-BF4B-00C04F79EFBC}") = "revit-cii-neutral-exporter", "revit-cii-neutral-exporter\revit-cii-neutral-exporter.csproj", "{50023005-3134-4277-A8BE-69476807B787}"
EndProject
Project("{FAE04EC0-301F-11D3-BF4B-00C04F79EFBC}") = "revit-mep-system-traversal", "revit-mep-system-traversal\revit-mep-system-traversal.csproj", "{7DF61751-7DD4-4130-AB37-FDA26C23E5A3}"
EndProject
Project("{FAE04EC0-301F-11D3-BF4B-00C04F79EFBC}") = "revit-pcf-exporter-2022", "revit-pcf-exporter-2022\revit-pcf-exporter-2022.csproj", "{C1A26C8F-C1CC-4791-A86A-70DBF7DBA438}"
EndProject
Project("{D954291E-2A0B-460D-934E-DC6B0785DB48}") = "revit-pcf-exporter-SHARED", "revit-pcf-exporter-shared\revit-pcf-exporter-SHARED.shproj", "{5C3BDAD7-6FCE-42A5-BFB9-9C057A7CE6F8}"
EndProject
Project("{D954291E-2A0B-460D-934E-DC6B0785DB48}") = "revit-shared-utilities-SHARED", "revit-shared-utilities-shared\revit-shared-utilities-SHARED.shproj", "{37CE9A72-66E2-4A2D-A756-6E8158C9DF5A}"
EndProject
Project("{FAE04EC0-301F-11D3-BF4B-00C04F79EFBC}") = "revit-pcf-exporter-2024", "revit-pcf-exporter-2024\revit-pcf-exporter-2024.csproj", "{F03F8EE7-CEB9-4F1D-AF2F-628B44E77AE3}"
EndProject
Project("{FAE04EC0-301F-11D3-BF4B-00C04F79EFBC}") = "revit-shared-utilities-2022", "revit-shared-utilities-2022\revit-shared-utilities-2022.csproj", "{CAF14E9F-C14C-44D2-8A3D-C3DD28C284E2}"
EndProject
Project("{FAE04EC0-301F-11D3-BF4B-00C04F79EFBC}") = "revit-shared-utilities-2024", "revit-shared-utilities-2024\revit-shared-utilities-2024.csproj", "{2CF27EC9-0609-4011-A863-57CA26E8C61E}"
EndProject
Project("{D954291E-2A0B-460D-934E-DC6B0785DB48}") = "RibbonPanel-SHARED", "RibbonPanel-SHARED\RibbonPanel-SHARED.shproj", "{B35F4EBB-90F8-4F1F-B2CC-5229A671F142}"
EndProject
Project("{FAE04EC0-301F-11D3-BF4B-00C04F79EFBC}") = "RibbonPanel-2022", "RibbonPanel-2022\RibbonPanel-2022.csproj", "{832C9D7C-0339-44DF-A8EE-04E4DC045E7B}"
EndProject
Project("{D954291E-2A0B-460D-934E-DC6B0785DB48}") = "MEPUtils-SHARED", "MEPUtils-SHARED\MEPUtils-SHARED.shproj", "{03F00FD4-E636-4A10-AEC7-706E13C7B1AB}"
EndProject
Project("{FAE04EC0-301F-11D3-BF4B-00C04F79EFBC}") = "MEPUtils-2022", "MEPUtils-2022\MEPUtils-2022.csproj", "{D2B1C176-390A-4C3E-9EB1-9FB4AE787DC1}"
EndProject
Project("{D954291E-2A0B-460D-934E-DC6B0785DB48}") = "PDFExporter-SHARED", "PDFExporter-SHARED\PDFExporter-SHARED.shproj", "{1DD9D402-AEB0-4C17-96F6-2C0FBBF840BB}"
EndProject
Project("{FAE04EC0-301F-11D3-BF4B-00C04F79EFBC}") = "PDFExporter-2022", "PDFExporter-2022\PDFExporter-2022.csproj", "{C580BB5D-73D8-4904-9485-1EAF19FC4B4A}"
EndProject
Project("{FAE04EC0-301F-11D3-BF4B-00C04F79EFBC}") = "MEPUtils-2024", "MEPUtils-2024\MEPUtils-2024.csproj", "{5F9A5A37-C644-4D4E-9976-BA1E58C46108}"
EndProject
Project("{FAE04EC0-301F-11D3-BF4B-00C04F79EFBC}") = "PDFExporter-2024", "PDFExporter-2024\PDFExporter-2024.csproj", "{6323E000-2DF4-45AF-9873-88842D24F7B7}"
EndProject
Project("{FAE04EC0-301F-11D3-BF4B-00C04F79EFBC}") = "RibbonPanel-2024", "RibbonPanel-2024\RibbonPanel-2024.csproj", "{7CE9C758-1FE9-47D3-9E2B-9723930092DE}"
EndProject
Project("{D954291E-2A0B-460D-934E-DC6B0785DB48}") = "Data-SHARED", "Data-SHARED\Data-SHARED.shproj", "{B67C53A5-3A99-40C5-BFE6-BD000A80BBDA}"
EndProject
Project("{D954291E-2A0B-460D-934E-DC6B0785DB48}") = "ModelessForms-SHARED", "ModelessForms-SHARED\ModelessForms-SHARED.shproj", "{18F8030B-E17E-4689-A026-259383DB16DD}"
EndProject
Project("{FAE04EC0-301F-11D3-BF4B-00C04F79EFBC}") = "ModelessForms-2022", "ModelessForms-2022\ModelessForms-2022.csproj", "{6F1054A6-10A6-4257-B856-AD52D6431D5C}"
EndProject
Project("{FAE04EC0-301F-11D3-BF4B-00C04F79EFBC}") = "ModelessForms-2024", "ModelessForms-2024\ModelessForms-2024.csproj", "{2892F238-1116-4057-B444-F8A47FEC33F9}"
EndProject
Project("{D954291E-2A0B-460D-934E-DC6B0785DB48}") = "revit-ntr-exporter-SHARED", "revit-ntr-exporter-SHARED\revit-ntr-exporter-SHARED.shproj", "{A2702701-D0A0-49C9-9E85-30A96A53829C}"
EndProject
Project("{FAE04EC0-301F-11D3-BF4B-00C04F79EFBC}") = "revit-ntr-exporter-2022", "revit-ntr-exporter-2022\revit-ntr-exporter-2022.csproj", "{5AA5B612-9906-47A6-82C2-B17DF5CDEF3A}"
EndProject
Project("{FAE04EC0-301F-11D3-BF4B-00C04F79EFBC}") = "revit-ntr-exporter-2024", "revit-ntr-exporter-2024\revit-ntr-exporter-2024.csproj", "{E983E879-15DE-49E3-A46A-A03540DD01A4}"
EndProject
Project("{FAE04EC0-301F-11D3-BF4B-00C04F79EFBC}") = "revit-ntr-exporter-FORMS", "revit-ntr-exporter-FORMS\revit-ntr-exporter-FORMS.csproj", "{290AA08E-CF52-4A17-B26E-79E7F00EC712}"
EndProject
Project("{FAE04EC0-301F-11D3-BF4B-00C04F79EFBC}") = "revit-pcf-exporter-FORMS", "revit-pcf-exporter-FORMS\revit-pcf-exporter-FORMS.csproj", "{7A6FC3F4-9FCE-45C3-8DEF-ECEE853EE5C9}"
EndProject
Project("{9A19103F-16F7-4668-BE54-9A1E7A4F7556}") = "TestApp", "TestApp\TestApp.csproj", "{B747E174-D433-49AA-96DF-F212E69BDEB9}"
EndProject
Project("{FAE04EC0-301F-11D3-BF4B-00C04F79EFBC}") = "revit-shared-utilities-FORMS", "revit-shared-utilities-FORMS\revit-shared-utilities-FORMS.csproj", "{7A6FC3F4-9FBE-45C3-8DEF-ECEE853EE5C9}"
EndProject
Project("{FAE04EC0-301F-11D3-BF4B-00C04F79EFBC}") = "MEPUtils-2025", "MEPUtils-2025\MEPUtils-2025.csproj", "{966EFEF8-343D-4CBE-9223-422D1D0864A3}"
EndProject
Project("{FAE04EC0-301F-11D3-BF4B-00C04F79EFBC}") = "ModelessForms-2025", "ModelessForms-2025\ModelessForms-2025.csproj", "{6EDBC8EB-51B1-43EA-9B20-AC8B2C058D08}"
EndProject
Project("{FAE04EC0-301F-11D3-BF4B-00C04F79EFBC}") = "PDFExporter-2025", "PDFExporter-2025\PDFExporter-2025.csproj", "{64A89BE0-C11F-4691-ADF0-EC3E7CDBCD50}"
EndProject
Project("{FAE04EC0-301F-11D3-BF4B-00C04F79EFBC}") = "revit-ntr-exporter-2025", "revit-ntr-exporter-2025\revit-ntr-exporter-2025.csproj", "{227B9872-26FC-4B03-B229-7274DC922590}"
EndProject
Project("{FAE04EC0-301F-11D3-BF4B-00C04F79EFBC}") = "revit-pcf-exporter-2025", "revit-pcf-exporter-2025\revit-pcf-exporter-2025.csproj", "{A2F68FE4-4B64-47DC-BCDB-69FFF8785615}"
EndProject
Project("{FAE04EC0-301F-11D3-BF4B-00C04F79EFBC}") = "revit-pcf-exporter-WPF", "revit-pcf-exporter-WPF\revit-pcf-exporter-WPF.csproj", "{13B7F27F-1EBF-4DB8-A7F2-70040D01A8D4}"
EndProject
Project("{FAE04EC0-301F-11D3-BF4B-00C04F79EFBC}") = "revit-shared-utilities-2025", "revit-shared-utilities-2025\revit-shared-utilities-2025.csproj", "{DD9CC584-FD78-DBE6-77CD-BAAD921CCEA3}"
EndProject
Project("{FAE04EC0-301F-11D3-BF4B-00C04F79EFBC}") = "RibbonPanel-2025", "RibbonPanel-2025\RibbonPanel-2025.csproj", "{B3A0A9E5-1514-6131-72F1-035F476FA303}"
EndProject
Global
	GlobalSection(SolutionConfigurationPlatforms) = preSolution
		Debug|x64 = Debug|x64
		Release|x64 = Release|x64
	EndGlobalSection
	GlobalSection(ProjectConfigurationPlatforms) = postSolution
		{50023005-3134-4277-A8BE-69476807B787}.Debug|x64.ActiveCfg = Debug|Any CPU
		{50023005-3134-4277-A8BE-69476807B787}.Debug|x64.Build.0 = Debug|Any CPU
		{50023005-3134-4277-A8BE-69476807B787}.Release|x64.ActiveCfg = Release|Any CPU
		{50023005-3134-4277-A8BE-69476807B787}.Release|x64.Build.0 = Release|Any CPU
		{7DF61751-7DD4-4130-AB37-FDA26C23E5A3}.Debug|x64.ActiveCfg = Debug|Any CPU
		{7DF61751-7DD4-4130-AB37-FDA26C23E5A3}.Debug|x64.Build.0 = Debug|Any CPU
		{7DF61751-7DD4-4130-AB37-FDA26C23E5A3}.Release|x64.ActiveCfg = Release|Any CPU
		{7DF61751-7DD4-4130-AB37-FDA26C23E5A3}.Release|x64.Build.0 = Release|Any CPU
		{C1A26C8F-C1CC-4791-A86A-70DBF7DBA438}.Debug|x64.ActiveCfg = Debug|Any CPU
		{C1A26C8F-C1CC-4791-A86A-70DBF7DBA438}.Debug|x64.Build.0 = Debug|Any CPU
		{C1A26C8F-C1CC-4791-A86A-70DBF7DBA438}.Release|x64.ActiveCfg = Release|Any CPU
		{C1A26C8F-C1CC-4791-A86A-70DBF7DBA438}.Release|x64.Build.0 = Release|Any CPU
		{F03F8EE7-CEB9-4F1D-AF2F-628B44E77AE3}.Debug|x64.ActiveCfg = Debug|Any CPU
		{F03F8EE7-CEB9-4F1D-AF2F-628B44E77AE3}.Debug|x64.Build.0 = Debug|Any CPU
		{F03F8EE7-CEB9-4F1D-AF2F-628B44E77AE3}.Release|x64.ActiveCfg = Release|Any CPU
		{F03F8EE7-CEB9-4F1D-AF2F-628B44E77AE3}.Release|x64.Build.0 = Release|Any CPU
		{CAF14E9F-C14C-44D2-8A3D-C3DD28C284E2}.Debug|x64.ActiveCfg = Debug|Any CPU
		{CAF14E9F-C14C-44D2-8A3D-C3DD28C284E2}.Debug|x64.Build.0 = Debug|Any CPU
		{CAF14E9F-C14C-44D2-8A3D-C3DD28C284E2}.Release|x64.ActiveCfg = Release|Any CPU
		{CAF14E9F-C14C-44D2-8A3D-C3DD28C284E2}.Release|x64.Build.0 = Release|Any CPU
		{2CF27EC9-0609-4011-A863-57CA26E8C61E}.Debug|x64.ActiveCfg = Debug|Any CPU
		{2CF27EC9-0609-4011-A863-57CA26E8C61E}.Debug|x64.Build.0 = Debug|Any CPU
		{2CF27EC9-0609-4011-A863-57CA26E8C61E}.Release|x64.ActiveCfg = Release|Any CPU
		{2CF27EC9-0609-4011-A863-57CA26E8C61E}.Release|x64.Build.0 = Release|Any CPU
		{832C9D7C-0339-44DF-A8EE-04E4DC045E7B}.Debug|x64.ActiveCfg = Debug|Any CPU
		{832C9D7C-0339-44DF-A8EE-04E4DC045E7B}.Debug|x64.Build.0 = Debug|Any CPU
		{832C9D7C-0339-44DF-A8EE-04E4DC045E7B}.Release|x64.ActiveCfg = Release|Any CPU
		{832C9D7C-0339-44DF-A8EE-04E4DC045E7B}.Release|x64.Build.0 = Release|Any CPU
		{D2B1C176-390A-4C3E-9EB1-9FB4AE787DC1}.Debug|x64.ActiveCfg = Debug|Any CPU
		{D2B1C176-390A-4C3E-9EB1-9FB4AE787DC1}.Debug|x64.Build.0 = Debug|Any CPU
		{D2B1C176-390A-4C3E-9EB1-9FB4AE787DC1}.Release|x64.ActiveCfg = Release|Any CPU
		{D2B1C176-390A-4C3E-9EB1-9FB4AE787DC1}.Release|x64.Build.0 = Release|Any CPU
		{C580BB5D-73D8-4904-9485-1EAF19FC4B4A}.Debug|x64.ActiveCfg = Debug|Any CPU
		{C580BB5D-73D8-4904-9485-1EAF19FC4B4A}.Debug|x64.Build.0 = Debug|Any CPU
		{C580BB5D-73D8-4904-9485-1EAF19FC4B4A}.Release|x64.ActiveCfg = Release|Any CPU
		{C580BB5D-73D8-4904-9485-1EAF19FC4B4A}.Release|x64.Build.0 = Release|Any CPU
		{5F9A5A37-C644-4D4E-9976-BA1E58C46108}.Debug|x64.ActiveCfg = Debug|Any CPU
		{5F9A5A37-C644-4D4E-9976-BA1E58C46108}.Debug|x64.Build.0 = Debug|Any CPU
		{5F9A5A37-C644-4D4E-9976-BA1E58C46108}.Release|x64.ActiveCfg = Release|Any CPU
		{5F9A5A37-C644-4D4E-9976-BA1E58C46108}.Release|x64.Build.0 = Release|Any CPU
		{6323E000-2DF4-45AF-9873-88842D24F7B7}.Debug|x64.ActiveCfg = Debug|Any CPU
		{6323E000-2DF4-45AF-9873-88842D24F7B7}.Debug|x64.Build.0 = Debug|Any CPU
		{6323E000-2DF4-45AF-9873-88842D24F7B7}.Release|x64.ActiveCfg = Release|Any CPU
		{6323E000-2DF4-45AF-9873-88842D24F7B7}.Release|x64.Build.0 = Release|Any CPU
		{7CE9C758-1FE9-47D3-9E2B-9723930092DE}.Debug|x64.ActiveCfg = Debug|Any CPU
		{7CE9C758-1FE9-47D3-9E2B-9723930092DE}.Debug|x64.Build.0 = Debug|Any CPU
		{7CE9C758-1FE9-47D3-9E2B-9723930092DE}.Release|x64.ActiveCfg = Release|Any CPU
		{7CE9C758-1FE9-47D3-9E2B-9723930092DE}.Release|x64.Build.0 = Release|Any CPU
		{6F1054A6-10A6-4257-B856-AD52D6431D5C}.Debug|x64.ActiveCfg = Debug|Any CPU
		{6F1054A6-10A6-4257-B856-AD52D6431D5C}.Debug|x64.Build.0 = Debug|Any CPU
		{6F1054A6-10A6-4257-B856-AD52D6431D5C}.Release|x64.ActiveCfg = Release|Any CPU
		{6F1054A6-10A6-4257-B856-AD52D6431D5C}.Release|x64.Build.0 = Release|Any CPU
		{2892F238-1116-4057-B444-F8A47FEC33F9}.Debug|x64.ActiveCfg = Debug|Any CPU
		{2892F238-1116-4057-B444-F8A47FEC33F9}.Debug|x64.Build.0 = Debug|Any CPU
		{2892F238-1116-4057-B444-F8A47FEC33F9}.Release|x64.ActiveCfg = Release|Any CPU
		{2892F238-1116-4057-B444-F8A47FEC33F9}.Release|x64.Build.0 = Release|Any CPU
		{5AA5B612-9906-47A6-82C2-B17DF5CDEF3A}.Debug|x64.ActiveCfg = Debug|Any CPU
		{5AA5B612-9906-47A6-82C2-B17DF5CDEF3A}.Debug|x64.Build.0 = Debug|Any CPU
		{5AA5B612-9906-47A6-82C2-B17DF5CDEF3A}.Release|x64.ActiveCfg = Release|Any CPU
		{5AA5B612-9906-47A6-82C2-B17DF5CDEF3A}.Release|x64.Build.0 = Release|Any CPU
		{E983E879-15DE-49E3-A46A-A03540DD01A4}.Debug|x64.ActiveCfg = Debug|Any CPU
		{E983E879-15DE-49E3-A46A-A03540DD01A4}.Debug|x64.Build.0 = Debug|Any CPU
		{E983E879-15DE-49E3-A46A-A03540DD01A4}.Release|x64.ActiveCfg = Release|Any CPU
		{E983E879-15DE-49E3-A46A-A03540DD01A4}.Release|x64.Build.0 = Release|Any CPU
		{290AA08E-CF52-4A17-B26E-79E7F00EC712}.Debug|x64.ActiveCfg = Debug|Any CPU
		{290AA08E-CF52-4A17-B26E-79E7F00EC712}.Debug|x64.Build.0 = Debug|Any CPU
		{290AA08E-CF52-4A17-B26E-79E7F00EC712}.Release|x64.ActiveCfg = Release|Any CPU
		{290AA08E-CF52-4A17-B26E-79E7F00EC712}.Release|x64.Build.0 = Release|Any CPU
		{7A6FC3F4-9FCE-45C3-8DEF-ECEE853EE5C9}.Debug|x64.ActiveCfg = Debug|Any CPU
		{7A6FC3F4-9FCE-45C3-8DEF-ECEE853EE5C9}.Debug|x64.Build.0 = Debug|Any CPU
		{7A6FC3F4-9FCE-45C3-8DEF-ECEE853EE5C9}.Release|x64.ActiveCfg = Release|Any CPU
		{7A6FC3F4-9FCE-45C3-8DEF-ECEE853EE5C9}.Release|x64.Build.0 = Release|Any CPU
		{B747E174-D433-49AA-96DF-F212E69BDEB9}.Debug|x64.ActiveCfg = Debug|Any CPU
		{B747E174-D433-49AA-96DF-F212E69BDEB9}.Debug|x64.Build.0 = Debug|Any CPU
		{B747E174-D433-49AA-96DF-F212E69BDEB9}.Release|x64.ActiveCfg = Release|Any CPU
		{B747E174-D433-49AA-96DF-F212E69BDEB9}.Release|x64.Build.0 = Release|Any CPU
		{7A6FC3F4-9FBE-45C3-8DEF-ECEE853EE5C9}.Debug|x64.ActiveCfg = Debug|Any CPU
		{7A6FC3F4-9FBE-45C3-8DEF-ECEE853EE5C9}.Debug|x64.Build.0 = Debug|Any CPU
		{7A6FC3F4-9FBE-45C3-8DEF-ECEE853EE5C9}.Release|x64.ActiveCfg = Release|Any CPU
		{7A6FC3F4-9FBE-45C3-8DEF-ECEE853EE5C9}.Release|x64.Build.0 = Release|Any CPU
		{966EFEF8-343D-4CBE-9223-422D1D0864A3}.Debug|x64.ActiveCfg = Debug|Any CPU
		{966EFEF8-343D-4CBE-9223-422D1D0864A3}.Debug|x64.Build.0 = Debug|Any CPU
		{966EFEF8-343D-4CBE-9223-422D1D0864A3}.Release|x64.ActiveCfg = Release|Any CPU
		{966EFEF8-343D-4CBE-9223-422D1D0864A3}.Release|x64.Build.0 = Release|Any CPU
		{6EDBC8EB-51B1-43EA-9B20-AC8B2C058D08}.Debug|x64.ActiveCfg = Debug|Any CPU
		{6EDBC8EB-51B1-43EA-9B20-AC8B2C058D08}.Debug|x64.Build.0 = Debug|Any CPU
		{6EDBC8EB-51B1-43EA-9B20-AC8B2C058D08}.Release|x64.ActiveCfg = Release|Any CPU
		{6EDBC8EB-51B1-43EA-9B20-AC8B2C058D08}.Release|x64.Build.0 = Release|Any CPU
		{64A89BE0-C11F-4691-ADF0-EC3E7CDBCD50}.Debug|x64.ActiveCfg = Debug|Any CPU
		{64A89BE0-C11F-4691-ADF0-EC3E7CDBCD50}.Debug|x64.Build.0 = Debug|Any CPU
		{64A89BE0-C11F-4691-ADF0-EC3E7CDBCD50}.Release|x64.ActiveCfg = Release|Any CPU
		{64A89BE0-C11F-4691-ADF0-EC3E7CDBCD50}.Release|x64.Build.0 = Release|Any CPU
		{227B9872-26FC-4B03-B229-7274DC922590}.Debug|x64.ActiveCfg = Debug|Any CPU
		{227B9872-26FC-4B03-B229-7274DC922590}.Debug|x64.Build.0 = Debug|Any CPU
		{227B9872-26FC-4B03-B229-7274DC922590}.Release|x64.ActiveCfg = Release|Any CPU
		{227B9872-26FC-4B03-B229-7274DC922590}.Release|x64.Build.0 = Release|Any CPU
		{A2F68FE4-4B64-47DC-BCDB-69FFF8785615}.Debug|x64.ActiveCfg = Debug|Any CPU
		{A2F68FE4-4B64-47DC-BCDB-69FFF8785615}.Debug|x64.Build.0 = Debug|Any CPU
		{A2F68FE4-4B64-47DC-BCDB-69FFF8785615}.Release|x64.ActiveCfg = Release|Any CPU
		{A2F68FE4-4B64-47DC-BCDB-69FFF8785615}.Release|x64.Build.0 = Release|Any CPU
		{13B7F27F-1EBF-4DB8-A7F2-70040D01A8D4}.Debug|x64.ActiveCfg = Debug|Any CPU
		{13B7F27F-1EBF-4DB8-A7F2-70040D01A8D4}.Debug|x64.Build.0 = Debug|Any CPU
		{13B7F27F-1EBF-4DB8-A7F2-70040D01A8D4}.Release|x64.ActiveCfg = Release|Any CPU
		{13B7F27F-1EBF-4DB8-A7F2-70040D01A8D4}.Release|x64.Build.0 = Release|Any CPU
		{DD9CC584-FD78-DBE6-77CD-BAAD921CCEA3}.Debug|x64.ActiveCfg = Debug|Any CPU
		{DD9CC584-FD78-DBE6-77CD-BAAD921CCEA3}.Debug|x64.Build.0 = Debug|Any CPU
		{DD9CC584-FD78-DBE6-77CD-BAAD921CCEA3}.Release|x64.ActiveCfg = Release|Any CPU
		{DD9CC584-FD78-DBE6-77CD-BAAD921CCEA3}.Release|x64.Build.0 = Release|Any CPU
		{B3A0A9E5-1514-6131-72F1-035F476FA303}.Debug|x64.ActiveCfg = Debug|Any CPU
		{B3A0A9E5-1514-6131-72F1-035F476FA303}.Debug|x64.Build.0 = Debug|Any CPU
		{B3A0A9E5-1514-6131-72F1-035F476FA303}.Release|x64.ActiveCfg = Release|Any CPU
		{B3A0A9E5-1514-6131-72F1-035F476FA303}.Release|x64.Build.0 = Release|Any CPU
	EndGlobalSection
	GlobalSection(SolutionProperties) = preSolution
		HideSolutionNode = FALSE
	EndGlobalSection
	GlobalSection(ExtensibilityGlobals) = postSolution
		SolutionGuid = {24E6DE43-4408-4406-A4D9-C4B46169961D}
	EndGlobalSection
	GlobalSection(SharedMSBuildProjectFiles) = preSolution
		MEPUtils-SHARED\MEPUtils-SHARED.projitems*{03f00fd4-e636-4a10-aec7-706e13c7b1ab}*SharedItemsImports = 13
		revit-pcf-exporter-shared\revit-pcf-exporter-shared.projitems*{13b7f27f-1ebf-4db8-a7f2-70040d01a8d4}*SharedItemsImports = 5
		revit-shared-utilities-shared\revit-shared-utilities-shared.projitems*{13b7f27f-1ebf-4db8-a7f2-70040d01a8d4}*SharedItemsImports = 5
		ModelessForms-SHARED\ModelessForms-SHARED.projitems*{18f8030b-e17e-4689-a026-259383db16dd}*SharedItemsImports = 13
		PDFExporter-SHARED\PDFExporter-SHARED.projitems*{1dd9d402-aeb0-4c17-96f6-2c0fbbf840bb}*SharedItemsImports = 13
		revit-ntr-exporter-SHARED\revit-ntr-exporter-SHARED.projitems*{227b9872-26fc-4b03-b229-7274dc922590}*SharedItemsImports = 5
		revit-shared-utilities-shared\revit-shared-utilities-shared.projitems*{227b9872-26fc-4b03-b229-7274dc922590}*SharedItemsImports = 5
		Data-SHARED\Data-SHARED.projitems*{2892f238-1116-4057-b444-f8a47fec33f9}*SharedItemsImports = 4
		MEPUtils-SHARED\MEPUtils-SHARED.projitems*{2892f238-1116-4057-b444-f8a47fec33f9}*SharedItemsImports = 4
		ModelessForms-SHARED\ModelessForms-SHARED.projitems*{2892f238-1116-4057-b444-f8a47fec33f9}*SharedItemsImports = 4
		revit-shared-utilities-shared\revit-shared-utilities-shared.projitems*{2892f238-1116-4057-b444-f8a47fec33f9}*SharedItemsImports = 4
		revit-shared-utilities-shared\revit-shared-utilities-shared.projitems*{37ce9a72-66e2-4a2d-a756-6e8158c9df5a}*SharedItemsImports = 13
		revit-pcf-exporter-shared\revit-pcf-exporter-shared.projitems*{5c3bdad7-6fce-42a5-bfb9-9c057a7ce6f8}*SharedItemsImports = 13
		MEPUtils-SHARED\MEPUtils-SHARED.projitems*{5f9a5a37-c644-4d4e-9976-ba1e58c46108}*SharedItemsImports = 4
		revit-shared-utilities-shared\revit-shared-utilities-shared.projitems*{5f9a5a37-c644-4d4e-9976-ba1e58c46108}*SharedItemsImports = 4
		PDFExporter-SHARED\PDFExporter-SHARED.projitems*{6323e000-2df4-45af-9873-88842d24f7b7}*SharedItemsImports = 4
		revit-shared-utilities-shared\revit-shared-utilities-shared.projitems*{6323e000-2df4-45af-9873-88842d24f7b7}*SharedItemsImports = 4
		PDFExporter-SHARED\PDFExporter-SHARED.projitems*{64a89be0-c11f-4691-adf0-ec3e7cdbcd50}*SharedItemsImports = 5
		revit-shared-utilities-shared\revit-shared-utilities-shared.projitems*{64a89be0-c11f-4691-adf0-ec3e7cdbcd50}*SharedItemsImports = 5
		Data-SHARED\Data-SHARED.projitems*{6edbc8eb-51b1-43ea-9b20-ac8b2c058d08}*SharedItemsImports = 5
		MEPUtils-SHARED\MEPUtils-SHARED.projitems*{6edbc8eb-51b1-43ea-9b20-ac8b2c058d08}*SharedItemsImports = 5
		ModelessForms-SHARED\ModelessForms-SHARED.projitems*{6edbc8eb-51b1-43ea-9b20-ac8b2c058d08}*SharedItemsImports = 5
		revit-shared-utilities-shared\revit-shared-utilities-shared.projitems*{6edbc8eb-51b1-43ea-9b20-ac8b2c058d08}*SharedItemsImports = 5
		revit-pcf-exporter-shared\revit-pcf-exporter-shared.projitems*{7a6fc3f4-9fce-45c3-8def-ecee853ee5c9}*SharedItemsImports = 4
		revit-shared-utilities-shared\revit-shared-utilities-shared.projitems*{7a6fc3f4-9fce-45c3-8def-ecee853ee5c9}*SharedItemsImports = 4
		RibbonPanel-SHARED\RibbonPanel-SHARED.projitems*{7ce9c758-1fe9-47d3-9e2b-9723930092de}*SharedItemsImports = 4
		RibbonPanel-SHARED\RibbonPanel-SHARED.projitems*{832c9d7c-0339-44df-a8ee-04e4dc045e7b}*SharedItemsImports = 4
		MEPUtils-SHARED\MEPUtils-SHARED.projitems*{966efef8-343d-4cbe-9223-422d1d0864a3}*SharedItemsImports = 5
		revit-shared-utilities-shared\revit-shared-utilities-shared.projitems*{966efef8-343d-4cbe-9223-422d1d0864a3}*SharedItemsImports = 5
		revit-ntr-exporter-SHARED\revit-ntr-exporter-SHARED.projitems*{a2702701-d0a0-49c9-9e85-30a96a53829c}*SharedItemsImports = 13
		revit-pcf-exporter-shared\revit-pcf-exporter-shared.projitems*{a2f68fe4-4b64-47dc-bcdb-69fff8785615}*SharedItemsImports = 5
		revit-shared-utilities-shared\revit-shared-utilities-shared.projitems*{a2f68fe4-4b64-47dc-bcdb-69fff8785615}*SharedItemsImports = 5
		RibbonPanel-SHARED\RibbonPanel-SHARED.projitems*{b35f4ebb-90f8-4f1f-b2cc-5229a671f142}*SharedItemsImports = 13
		RibbonPanel-SHARED\RibbonPanel-SHARED.projitems*{b3a0a9e5-1514-6131-72f1-035f476fa303}*SharedItemsImports = 5
		Data-SHARED\Data-SHARED.projitems*{b67c53a5-3a99-40c5-bfe6-bd000a80bbda}*SharedItemsImports = 13
		revit-shared-utilities-shared\revit-shared-utilities-shared.projitems*{dd9cc584-fd78-dbe6-77cd-baad921ccea3}*SharedItemsImports = 5
		revit-pcf-exporter-shared\revit-pcf-exporter-shared.projitems*{f03f8ee7-ceb9-4f1d-af2f-628b44e77ae3}*SharedItemsImports = 4
		revit-shared-utilities-shared\revit-shared-utilities-shared.projitems*{f03f8ee7-ceb9-4f1d-af2f-628b44e77ae3}*SharedItemsImports = 4
	EndGlobalSection
EndGlobal
